
Microsoft Visual Studio Solution File, Format Version 12.00
# Visual Studio Version 16
VisualStudioVersion = 16.0.29709.97
MinimumVisualStudioVersion = 10.0.40219.1
Project("{9A19103F-16F7-4668-BE54-9A1E7A4F7556}") = "AlgorithmTests", "AlgorithmTests\AlgorithmTests.csproj", "{1EA14367-4F6E-4960-B555-E4EA5EFEA7D3}"
EndProject
Project("{9A19103F-16F7-4668-BE54-9A1E7A4F7556}") = "AlgorithmLibrary", "..\..\Algorithm Libraries\AlgorithmLibrary\AlgorithmLibrary.csproj", "{C88BE9DB-D442-4E30-8B23-999220B18A9F}"
EndProject
Project("{9A19103F-16F7-4668-BE54-9A1E7A4F7556}") = "Entities", "..\..\Entities\Entities\Entities.csproj", "{2954F9D7-99F8-4065-9DC2-BFC84987ECE8}"
EndProject
Global
	GlobalSection(SolutionConfigurationPlatforms) = preSolution
		Debug|Any CPU = Debug|Any CPU
		Release|Any CPU = Release|Any CPU
	EndGlobalSection
	GlobalSection(ProjectConfigurationPlatforms) = postSolution
		{1EA14367-4F6E-4960-B555-E4EA5EFEA7D3}.Debug|Any CPU.ActiveCfg = Debug|Any CPU
		{1EA14367-4F6E-4960-B555-E4EA5EFEA7D3}.Debug|Any CPU.Build.0 = Debug|Any CPU
		{1EA14367-4F6E-4960-B555-E4EA5EFEA7D3}.Release|Any CPU.ActiveCfg = Release|Any CPU
		{1EA14367-4F6E-4960-B555-E4EA5EFEA7D3}.Release|Any CPU.Build.0 = Release|Any CPU
		{C88BE9DB-D442-4E30-8B23-999220B18A9F}.Debug|Any CPU.ActiveCfg = Debug|Any CPU
		{C88BE9DB-D442-4E30-8B23-999220B18A9F}.Debug|Any CPU.Build.0 = Debug|Any CPU
		{C88BE9DB-D442-4E30-8B23-999220B18A9F}.Release|Any CPU.ActiveCfg = Release|Any CPU
		{C88BE9DB-D442-4E30-8B23-999220B18A9F}.Release|Any CPU.Build.0 = Release|Any CPU
		{2954F9D7-99F8-4065-9DC2-BFC84987ECE8}.Debug|Any CPU.ActiveCfg = Debug|Any CPU
		{2954F9D7-99F8-4065-9DC2-BFC84987ECE8}.Debug|Any CPU.Build.0 = Debug|Any CPU
		{2954F9D7-99F8-4065-9DC2-BFC84987ECE8}.Release|Any CPU.ActiveCfg = Release|Any CPU
		{2954F9D7-99F8-4065-9DC2-BFC84987ECE8}.Release|Any CPU.Build.0 = Release|Any CPU
	EndGlobalSection
	GlobalSection(SolutionProperties) = preSolution
		HideSolutionNode = FALSE
	EndGlobalSection
	GlobalSection(ExtensibilityGlobals) = postSolution
		SolutionGuid = {6269E81C-99D1-46F3-B7F3-72664D6551AA}
	EndGlobalSection
EndGlobal
